
Microsoft Visual Studio Solution File, Format Version 12.00
# Visual Studio 15
VisualStudioVersion = 15.0.28307.489
MinimumVisualStudioVersion = 10.0.40219.1
Project("{FAE04EC0-301F-11D3-BF4B-00C04F79EFBC}") = "Sports Events Management", "Sports Events Management\Sports Events Management.csproj", "{58397AB2-99B6-4D21-90D6-1B9F64C93B25}"
EndProject
Global
	GlobalSection(SolutionConfigurationPlatforms) = preSolution
		Debug|Any CPU = Debug|Any CPU
		Release|Any CPU = Release|Any CPU
	EndGlobalSection
	GlobalSection(ProjectConfigurationPlatforms) = postSolution
		{58397AB2-99B6-4D21-90D6-1B9F64C93B25}.Debug|Any CPU.ActiveCfg = Debug|Any CPU
		{58397AB2-99B6-4D21-90D6-1B9F64C93B25}.Debug|Any CPU.Build.0 = Debug|Any CPU
		{58397AB2-99B6-4D21-90D6-1B9F64C93B25}.Release|Any CPU.ActiveCfg = Release|Any CPU
		{58397AB2-99B6-4D21-90D6-1B9F64C93B25}.Release|Any CPU.Build.0 = Release|Any CPU
	EndGlobalSection
	GlobalSection(SolutionProperties) = preSolution
		HideSolutionNode = FALSE
	EndGlobalSection
	GlobalSection(ExtensibilityGlobals) = postSolution
		SolutionGuid = {41E7CCA3-70EA-4D6F-B276-FED685B010DD}
	EndGlobalSection
EndGlobal
